// !$*UTF8*$!
{
	archiveVersion = 1;
	classes = {
	};
	objectVersion = 55;
	objects = {

/* Begin PBXBuildFile section */
		349597E95DEDEB9E3E868366 /* libPods-StreamingX_Objective-C.a in Frameworks */ = {isa = PBXBuildFile; fileRef = BAE9C945B3DBD786546FDBD0 /* libPods-StreamingX_Objective-C.a */; };
		603A2D1B2A4153370037049A /* AppDelegate.m in Sources */ = {isa = PBXBuildFile; fileRef = 603A2D1A2A4153370037049A /* AppDelegate.m */; };
		603A2D1E2A4153370037049A /* SceneDelegate.m in Sources */ = {isa = PBXBuildFile; fileRef = 603A2D1D2A4153370037049A /* SceneDelegate.m */; };
		603A2D212A4153370037049A /* ViewController.m in Sources */ = {isa = PBXBuildFile; fileRef = 603A2D202A4153370037049A /* ViewController.m */; };
		603A2D242A4153370037049A /* Main.storyboard in Resources */ = {isa = PBXBuildFile; fileRef = 603A2D222A4153370037049A /* Main.storyboard */; };
		603A2D262A4153370037049A /* Assets.xcassets in Resources */ = {isa = PBXBuildFile; fileRef = 603A2D252A4153370037049A /* Assets.xcassets */; };
		603A2D292A4153370037049A /* LaunchScreen.storyboard in Resources */ = {isa = PBXBuildFile; fileRef = 603A2D272A4153370037049A /* LaunchScreen.storyboard */; };
		603A2D2C2A4153370037049A /* main.m in Sources */ = {isa = PBXBuildFile; fileRef = 603A2D2B2A4153370037049A /* main.m */; };
		603A2D352A4153510037049A /* StreamingXRtcManager.m in Sources */ = {isa = PBXBuildFile; fileRef = 603A2D342A4153510037049A /* StreamingXRtcManager.m */; };
		603A2D5D2A4175910037049A /* Base.pbobjc.m in Sources */ = {isa = PBXBuildFile; fileRef = 603A2D3B2A4175910037049A /* Base.pbobjc.m */; settings = {COMPILER_FLAGS = "-fno-objc-arc"; }; };
		603A2D5E2A4175910037049A /* ChannelIm.pbobjc.m in Sources */ = {isa = PBXBuildFile; fileRef = 603A2D412A4175910037049A /* ChannelIm.pbobjc.m */; settings = {COMPILER_FLAGS = "-fno-objc-arc"; }; };
		603A2D5F2A4175910037049A /* ChannelBase.pbobjc.m in Sources */ = {isa = PBXBuildFile; fileRef = 603A2D422A4175910037049A /* ChannelBase.pbobjc.m */; settings = {COMPILER_FLAGS = "-fno-objc-arc"; }; };
		603A2D602A4175910037049A /* Api.pbobjc.m in Sources */ = {isa = PBXBuildFile; fileRef = 603A2D432A4175910037049A /* Api.pbobjc.m */; settings = {COMPILER_FLAGS = "-fno-objc-arc"; }; };
		603A2D612A4175910037049A /* Consts.pbobjc.m in Sources */ = {isa = PBXBuildFile; fileRef = 603A2D452A4175910037049A /* Consts.pbobjc.m */; settings = {COMPILER_FLAGS = "-fno-objc-arc"; }; };
		603A2D622A4175910037049A /* HTTPError.pbobjc.m in Sources */ = {isa = PBXBuildFile; fileRef = 603A2D462A4175910037049A /* HTTPError.pbobjc.m */; settings = {COMPILER_FLAGS = "-fno-objc-arc"; }; };
		603A2D632A4175910037049A /* Code.pbobjc.m in Sources */ = {isa = PBXBuildFile; fileRef = 603A2D482A4175910037049A /* Code.pbobjc.m */; settings = {COMPILER_FLAGS = "-fno-objc-arc"; }; };
		603A2D642A4175910037049A /* ChannelImform.pbobjc.m in Sources */ = {isa = PBXBuildFile; fileRef = 603A2D492A4175910037049A /* ChannelImform.pbobjc.m */; };
		603A2D652A4175910037049A /* StreamingXResponse_RefreshTokenResult.m in Sources */ = {isa = PBXBuildFile; fileRef = 603A2D4A2A4175910037049A /* StreamingXResponse_RefreshTokenResult.m */; };
		603A2D662A4175910037049A /* StreamingXResponse_AnchorList.m in Sources */ = {isa = PBXBuildFile; fileRef = 603A2D4C2A4175910037049A /* StreamingXResponse_AnchorList.m */; };
		603A2D672A4175910037049A /* StreamingXResponse_JoinChannelResult.m in Sources */ = {isa = PBXBuildFile; fileRef = 603A2D4E2A4175910037049A /* StreamingXResponse_JoinChannelResult.m */; };
		603A2D682A4175910037049A /* StreamingXResponse_AnchorAvatarList.m in Sources */ = {isa = PBXBuildFile; fileRef = 603A2D4F2A4175910037049A /* StreamingXResponse_AnchorAvatarList.m */; };
		603A2D692A4175910037049A /* StreamingXRtcTool.m in Sources */ = {isa = PBXBuildFile; fileRef = 603A2D512A4175910037049A /* StreamingXRtcTool.m */; };
		603A2D6A2A4175910037049A /* StreamingXHttpManager.m in Sources */ = {isa = PBXBuildFile; fileRef = 603A2D582A4175910037049A /* StreamingXHttpManager.m */; };
		603A2D6B2A4175910037049A /* StreamingXAgoraRtcEngineManager.m in Sources */ = {isa = PBXBuildFile; fileRef = 603A2D5C2A4175910037049A /* StreamingXAgoraRtcEngineManager.m */; };
		603A2D782A41771F0037049A /* AnchListTableViewCell.m in Sources */ = {isa = PBXBuildFile; fileRef = 603A2D6C2A41771E0037049A /* AnchListTableViewCell.m */; };
		603A2D792A41771F0037049A /* RtcVideoMsgTableViewCell.m in Sources */ = {isa = PBXBuildFile; fileRef = 603A2D6D2A41771E0037049A /* RtcVideoMsgTableViewCell.m */; };
		603A2D7A2A41771F0037049A /* AnchListTableViewCell.xib in Resources */ = {isa = PBXBuildFile; fileRef = 603A2D6F2A41771E0037049A /* AnchListTableViewCell.xib */; };
		603A2D7B2A41771F0037049A /* LookUpImagesViewController.m in Sources */ = {isa = PBXBuildFile; fileRef = 603A2D712A41771F0037049A /* LookUpImagesViewController.m */; };
		603A2D7C2A41771F0037049A /* RtcVideoMsgTableViewCell.xib in Resources */ = {isa = PBXBuildFile; fileRef = 603A2D732A41771F0037049A /* RtcVideoMsgTableViewCell.xib */; };
		603A2D7D2A41771F0037049A /* RtcVideoViewController.m in Sources */ = {isa = PBXBuildFile; fileRef = 603A2D742A41771F0037049A /* RtcVideoViewController.m */; };
		603A2D7E2A41771F0037049A /* RtcVideoViewController.xib in Resources */ = {isa = PBXBuildFile; fileRef = 603A2D752A41771F0037049A /* RtcVideoViewController.xib */; };
		603A2D7F2A41771F0037049A /* LookUpImagesViewController.xib in Resources */ = {isa = PBXBuildFile; fileRef = 603A2D762A41771F0037049A /* LookUpImagesViewController.xib */; };
/* End PBXBuildFile section */

/* Begin PBXFileReference section */
		603A2D162A4153370037049A /* StreamingX_Objective-C.app */ = {isa = PBXFileReference; explicitFileType = wrapper.application; includeInIndex = 0; path = "StreamingX_Objective-C.app"; sourceTree = BUILT_PRODUCTS_DIR; };
		603A2D192A4153370037049A /* AppDelegate.h */ = {isa = PBXFileReference; lastKnownFileType = sourcecode.c.h; path = AppDelegate.h; sourceTree = "<group>"; };
		603A2D1A2A4153370037049A /* AppDelegate.m */ = {isa = PBXFileReference; lastKnownFileType = sourcecode.c.objc; path = AppDelegate.m; sourceTree = "<group>"; };
		603A2D1C2A4153370037049A /* SceneDelegate.h */ = {isa = PBXFileReference; lastKnownFileType = sourcecode.c.h; path = SceneDelegate.h; sourceTree = "<group>"; };
		603A2D1D2A4153370037049A /* SceneDelegate.m */ = {isa = PBXFileReference; lastKnownFileType = sourcecode.c.objc; path = SceneDelegate.m; sourceTree = "<group>"; };
		603A2D1F2A4153370037049A /* ViewController.h */ = {isa = PBXFileReference; lastKnownFileType = sourcecode.c.h; path = ViewController.h; sourceTree = "<group>"; };
		603A2D202A4153370037049A /* ViewController.m */ = {isa = PBXFileReference; lastKnownFileType = sourcecode.c.objc; path = ViewController.m; sourceTree = "<group>"; };
		603A2D232A4153370037049A /* Base */ = {isa = PBXFileReference; lastKnownFileType = file.storyboard; name = Base; path = Base.lproj/Main.storyboard; sourceTree = "<group>"; };
		603A2D252A4153370037049A /* Assets.xcassets */ = {isa = PBXFileReference; lastKnownFileType = folder.assetcatalog; path = Assets.xcassets; sourceTree = "<group>"; };
		603A2D282A4153370037049A /* Base */ = {isa = PBXFileReference; lastKnownFileType = file.storyboard; name = Base; path = Base.lproj/LaunchScreen.storyboard; sourceTree = "<group>"; };
		603A2D2A2A4153370037049A /* Info.plist */ = {isa = PBXFileReference; lastKnownFileType = text.plist.xml; path = Info.plist; sourceTree = "<group>"; };
		603A2D2B2A4153370037049A /* main.m */ = {isa = PBXFileReference; lastKnownFileType = sourcecode.c.objc; path = main.m; sourceTree = "<group>"; };
		603A2D332A4153510037049A /* StreamingXRtcManager.h */ = {isa = PBXFileReference; lastKnownFileType = sourcecode.c.h; path = StreamingXRtcManager.h; sourceTree = "<group>"; };
		603A2D342A4153510037049A /* StreamingXRtcManager.m */ = {isa = PBXFileReference; lastKnownFileType = sourcecode.c.objc; path = StreamingXRtcManager.m; sourceTree = "<group>"; };
		603A2D372A4175910037049A /* StreamingXResponse_AnchorList.h */ = {isa = PBXFileReference; fileEncoding = 4; lastKnownFileType = sourcecode.c.h; path = StreamingXResponse_AnchorList.h; sourceTree = "<group>"; };
		603A2D382A4175910037049A /* StreamingXResponse_AnchorAvatarList.h */ = {isa = PBXFileReference; fileEncoding = 4; lastKnownFileType = sourcecode.c.h; path = StreamingXResponse_AnchorAvatarList.h; sourceTree = "<group>"; };
		603A2D3A2A4175910037049A /* Consts.pbobjc.h */ = {isa = PBXFileReference; fileEncoding = 4; lastKnownFileType = sourcecode.c.h; path = Consts.pbobjc.h; sourceTree = "<group>"; };
		603A2D3B2A4175910037049A /* Base.pbobjc.m */ = {isa = PBXFileReference; fileEncoding = 4; lastKnownFileType = sourcecode.c.objc; path = Base.pbobjc.m; sourceTree = "<group>"; };
		603A2D3C2A4175910037049A /* Api.pbobjc.h */ = {isa = PBXFileReference; fileEncoding = 4; lastKnownFileType = sourcecode.c.h; path = Api.pbobjc.h; sourceTree = "<group>"; };
		603A2D3D2A4175910037049A /* ChannelBase.pbobjc.h */ = {isa = PBXFileReference; fileEncoding = 4; lastKnownFileType = sourcecode.c.h; path = ChannelBase.pbobjc.h; sourceTree = "<group>"; };
		603A2D3E2A4175910037049A /* HTTPError.pbobjc.h */ = {isa = PBXFileReference; fileEncoding = 4; lastKnownFileType = sourcecode.c.h; path = HTTPError.pbobjc.h; sourceTree = "<group>"; };
		603A2D3F2A4175910037049A /* ChannelImform.pbobjc.h */ = {isa = PBXFileReference; fileEncoding = 4; lastKnownFileType = sourcecode.c.h; path = ChannelImform.pbobjc.h; sourceTree = "<group>"; };
		603A2D402A4175910037049A /* Code.pbobjc.h */ = {isa = PBXFileReference; fileEncoding = 4; lastKnownFileType = sourcecode.c.h; path = Code.pbobjc.h; sourceTree = "<group>"; };
		603A2D412A4175910037049A /* ChannelIm.pbobjc.m */ = {isa = PBXFileReference; fileEncoding = 4; lastKnownFileType = sourcecode.c.objc; path = ChannelIm.pbobjc.m; sourceTree = "<group>"; };
		603A2D422A4175910037049A /* ChannelBase.pbobjc.m */ = {isa = PBXFileReference; fileEncoding = 4; lastKnownFileType = sourcecode.c.objc; path = ChannelBase.pbobjc.m; sourceTree = "<group>"; };
		603A2D432A4175910037049A /* Api.pbobjc.m */ = {isa = PBXFileReference; fileEncoding = 4; lastKnownFileType = sourcecode.c.objc; path = Api.pbobjc.m; sourceTree = "<group>"; };
		603A2D442A4175910037049A /* Base.pbobjc.h */ = {isa = PBXFileReference; fileEncoding = 4; lastKnownFileType = sourcecode.c.h; path = Base.pbobjc.h; sourceTree = "<group>"; };
		603A2D452A4175910037049A /* Consts.pbobjc.m */ = {isa = PBXFileReference; fileEncoding = 4; lastKnownFileType = sourcecode.c.objc; path = Consts.pbobjc.m; sourceTree = "<group>"; };
		603A2D462A4175910037049A /* HTTPError.pbobjc.m */ = {isa = PBXFileReference; fileEncoding = 4; lastKnownFileType = sourcecode.c.objc; path = HTTPError.pbobjc.m; sourceTree = "<group>"; };
		603A2D472A4175910037049A /* ChannelIm.pbobjc.h */ = {isa = PBXFileReference; fileEncoding = 4; lastKnownFileType = sourcecode.c.h; path = ChannelIm.pbobjc.h; sourceTree = "<group>"; };
		603A2D482A4175910037049A /* Code.pbobjc.m */ = {isa = PBXFileReference; fileEncoding = 4; lastKnownFileType = sourcecode.c.objc; path = Code.pbobjc.m; sourceTree = "<group>"; };
		603A2D492A4175910037049A /* ChannelImform.pbobjc.m */ = {isa = PBXFileReference; fileEncoding = 4; lastKnownFileType = sourcecode.c.objc; path = ChannelImform.pbobjc.m; sourceTree = "<group>"; };
		603A2D4A2A4175910037049A /* StreamingXResponse_RefreshTokenResult.m */ = {isa = PBXFileReference; fileEncoding = 4; lastKnownFileType = sourcecode.c.objc; path = StreamingXResponse_RefreshTokenResult.m; sourceTree = "<group>"; };
		603A2D4B2A4175910037049A /* StreamingXResponse_JoinChannelResult.h */ = {isa = PBXFileReference; fileEncoding = 4; lastKnownFileType = sourcecode.c.h; path = StreamingXResponse_JoinChannelResult.h; sourceTree = "<group>"; };
		603A2D4C2A4175910037049A /* StreamingXResponse_AnchorList.m */ = {isa = PBXFileReference; fileEncoding = 4; lastKnownFileType = sourcecode.c.objc; path = StreamingXResponse_AnchorList.m; sourceTree = "<group>"; };
		603A2D4D2A4175910037049A /* StreamingXResponse_RefreshTokenResult.h */ = {isa = PBXFileReference; fileEncoding = 4; lastKnownFileType = sourcecode.c.h; path = StreamingXResponse_RefreshTokenResult.h; sourceTree = "<group>"; };
		603A2D4E2A4175910037049A /* StreamingXResponse_JoinChannelResult.m */ = {isa = PBXFileReference; fileEncoding = 4; lastKnownFileType = sourcecode.c.objc; path = StreamingXResponse_JoinChannelResult.m; sourceTree = "<group>"; };
		603A2D4F2A4175910037049A /* StreamingXResponse_AnchorAvatarList.m */ = {isa = PBXFileReference; fileEncoding = 4; lastKnownFileType = sourcecode.c.objc; path = StreamingXResponse_AnchorAvatarList.m; sourceTree = "<group>"; };
		603A2D512A4175910037049A /* StreamingXRtcTool.m */ = {isa = PBXFileReference; fileEncoding = 4; lastKnownFileType = sourcecode.c.objc; path = StreamingXRtcTool.m; sourceTree = "<group>"; };
		603A2D522A4175910037049A /* StreamingXRtcTool.h */ = {isa = PBXFileReference; fileEncoding = 4; lastKnownFileType = sourcecode.c.h; path = StreamingXRtcTool.h; sourceTree = "<group>"; };
		603A2D542A4175910037049A /* StreamingXModelHeader.h */ = {isa = PBXFileReference; fileEncoding = 4; lastKnownFileType = sourcecode.c.h; path = StreamingXModelHeader.h; sourceTree = "<group>"; };
		603A2D552A4175910037049A /* StreamingXEnumHeader.h */ = {isa = PBXFileReference; fileEncoding = 4; lastKnownFileType = sourcecode.c.h; path = StreamingXEnumHeader.h; sourceTree = "<group>"; };
		603A2D562A4175910037049A /* StreamingXProtobufHeader.h */ = {isa = PBXFileReference; fileEncoding = 4; lastKnownFileType = sourcecode.c.h; path = StreamingXProtobufHeader.h; sourceTree = "<group>"; };
		603A2D582A4175910037049A /* StreamingXHttpManager.m */ = {isa = PBXFileReference; fileEncoding = 4; lastKnownFileType = sourcecode.c.objc; path = StreamingXHttpManager.m; sourceTree = "<group>"; };
		603A2D592A4175910037049A /* StreamingXHttpManager.h */ = {isa = PBXFileReference; fileEncoding = 4; lastKnownFileType = sourcecode.c.h; path = StreamingXHttpManager.h; sourceTree = "<group>"; };
		603A2D5B2A4175910037049A /* StreamingXAgoraRtcEngineManager.h */ = {isa = PBXFileReference; fileEncoding = 4; lastKnownFileType = sourcecode.c.h; path = StreamingXAgoraRtcEngineManager.h; sourceTree = "<group>"; };
		603A2D5C2A4175910037049A /* StreamingXAgoraRtcEngineManager.m */ = {isa = PBXFileReference; fileEncoding = 4; lastKnownFileType = sourcecode.c.objc; path = StreamingXAgoraRtcEngineManager.m; sourceTree = "<group>"; };
		603A2D6C2A41771E0037049A /* AnchListTableViewCell.m */ = {isa = PBXFileReference; fileEncoding = 4; lastKnownFileType = sourcecode.c.objc; path = AnchListTableViewCell.m; sourceTree = "<group>"; };
		603A2D6D2A41771E0037049A /* RtcVideoMsgTableViewCell.m */ = {isa = PBXFileReference; fileEncoding = 4; lastKnownFileType = sourcecode.c.objc; path = RtcVideoMsgTableViewCell.m; sourceTree = "<group>"; };
		603A2D6E2A41771E0037049A /* AnchListTableViewCell.h */ = {isa = PBXFileReference; fileEncoding = 4; lastKnownFileType = sourcecode.c.h; path = AnchListTableViewCell.h; sourceTree = "<group>"; };
		603A2D6F2A41771E0037049A /* AnchListTableViewCell.xib */ = {isa = PBXFileReference; fileEncoding = 4; lastKnownFileType = file.xib; path = AnchListTableViewCell.xib; sourceTree = "<group>"; };
		603A2D702A41771E0037049A /* LookUpImagesViewController.h */ = {isa = PBXFileReference; fileEncoding = 4; lastKnownFileType = sourcecode.c.h; path = LookUpImagesViewController.h; sourceTree = "<group>"; };
		603A2D712A41771F0037049A /* LookUpImagesViewController.m */ = {isa = PBXFileReference; fileEncoding = 4; lastKnownFileType = sourcecode.c.objc; path = LookUpImagesViewController.m; sourceTree = "<group>"; };
		603A2D722A41771F0037049A /* RtcVideoMsgTableViewCell.h */ = {isa = PBXFileReference; fileEncoding = 4; lastKnownFileType = sourcecode.c.h; path = RtcVideoMsgTableViewCell.h; sourceTree = "<group>"; };
		603A2D732A41771F0037049A /* RtcVideoMsgTableViewCell.xib */ = {isa = PBXFileReference; fileEncoding = 4; lastKnownFileType = file.xib; path = RtcVideoMsgTableViewCell.xib; sourceTree = "<group>"; };
		603A2D742A41771F0037049A /* RtcVideoViewController.m */ = {isa = PBXFileReference; fileEncoding = 4; lastKnownFileType = sourcecode.c.objc; path = RtcVideoViewController.m; sourceTree = "<group>"; };
		603A2D752A41771F0037049A /* RtcVideoViewController.xib */ = {isa = PBXFileReference; fileEncoding = 4; lastKnownFileType = file.xib; path = RtcVideoViewController.xib; sourceTree = "<group>"; };
		603A2D762A41771F0037049A /* LookUpImagesViewController.xib */ = {isa = PBXFileReference; fileEncoding = 4; lastKnownFileType = file.xib; path = LookUpImagesViewController.xib; sourceTree = "<group>"; };
		603A2D772A41771F0037049A /* RtcVideoViewController.h */ = {isa = PBXFileReference; fileEncoding = 4; lastKnownFileType = sourcecode.c.h; path = RtcVideoViewController.h; sourceTree = "<group>"; };
		79E552C1BFA40B2FBA3F5A41 /* Pods-StreamingX_Objective-C.release.xcconfig */ = {isa = PBXFileReference; includeInIndex = 1; lastKnownFileType = text.xcconfig; name = "Pods-StreamingX_Objective-C.release.xcconfig"; path = "Target Support Files/Pods-StreamingX_Objective-C/Pods-StreamingX_Objective-C.release.xcconfig"; sourceTree = "<group>"; };
		BAE9C945B3DBD786546FDBD0 /* libPods-StreamingX_Objective-C.a */ = {isa = PBXFileReference; explicitFileType = archive.ar; includeInIndex = 0; path = "libPods-StreamingX_Objective-C.a"; sourceTree = BUILT_PRODUCTS_DIR; };
		D8D86155A060D806452328EA /* Pods-StreamingX_Objective-C.debug.xcconfig */ = {isa = PBXFileReference; includeInIndex = 1; lastKnownFileType = text.xcconfig; name = "Pods-StreamingX_Objective-C.debug.xcconfig"; path = "Target Support Files/Pods-StreamingX_Objective-C/Pods-StreamingX_Objective-C.debug.xcconfig"; sourceTree = "<group>"; };
/* End PBXFileReference section */

/* Begin PBXFrameworksBuildPhase section */
		603A2D132A4153370037049A /* Frameworks */ = {
			isa = PBXFrameworksBuildPhase;
			buildActionMask = 2147483647;
			files = (
				349597E95DEDEB9E3E868366 /* libPods-StreamingX_Objective-C.a in Frameworks */,
			);
			runOnlyForDeploymentPostprocessing = 0;
		};
/* End PBXFrameworksBuildPhase section */

/* Begin PBXGroup section */
		416A1F162B9D94131918DF2D /* Frameworks */ = {
			isa = PBXGroup;
			children = (
				BAE9C945B3DBD786546FDBD0 /* libPods-StreamingX_Objective-C.a */,
			);
			name = Frameworks;
			sourceTree = "<group>";
		};
		5DCA187F307F721F6083BADA /* Pods */ = {
			isa = PBXGroup;
			children = (
				D8D86155A060D806452328EA /* Pods-StreamingX_Objective-C.debug.xcconfig */,
				79E552C1BFA40B2FBA3F5A41 /* Pods-StreamingX_Objective-C.release.xcconfig */,
			);
			path = Pods;
			sourceTree = "<group>";
		};
		603A2D0D2A4153370037049A = {
			isa = PBXGroup;
			children = (
				603A2D322A4153410037049A /* Classes */,
				603A2D182A4153370037049A /* StreamingX_Objective-C */,
				603A2D172A4153370037049A /* Products */,
				5DCA187F307F721F6083BADA /* Pods */,
				416A1F162B9D94131918DF2D /* Frameworks */,
			);
			sourceTree = "<group>";
		};
		603A2D172A4153370037049A /* Products */ = {
			isa = PBXGroup;
			children = (
				603A2D162A4153370037049A /* StreamingX_Objective-C.app */,
			);
			name = Products;
			sourceTree = "<group>";
		};
		603A2D182A4153370037049A /* StreamingX_Objective-C */ = {
			isa = PBXGroup;
			children = (
				603A2D192A4153370037049A /* AppDelegate.h */,
				603A2D1A2A4153370037049A /* AppDelegate.m */,
				603A2D1C2A4153370037049A /* SceneDelegate.h */,
				603A2D1D2A4153370037049A /* SceneDelegate.m */,
				603A2D1F2A4153370037049A /* ViewController.h */,
				603A2D202A4153370037049A /* ViewController.m */,
				603A2D6E2A41771E0037049A /* AnchListTableViewCell.h */,
				603A2D6C2A41771E0037049A /* AnchListTableViewCell.m */,
				603A2D6F2A41771E0037049A /* AnchListTableViewCell.xib */,
				603A2D702A41771E0037049A /* LookUpImagesViewController.h */,
				603A2D712A41771F0037049A /* LookUpImagesViewController.m */,
				603A2D762A41771F0037049A /* LookUpImagesViewController.xib */,
				603A2D722A41771F0037049A /* RtcVideoMsgTableViewCell.h */,
				603A2D6D2A41771E0037049A /* RtcVideoMsgTableViewCell.m */,
				603A2D732A41771F0037049A /* RtcVideoMsgTableViewCell.xib */,
				603A2D772A41771F0037049A /* RtcVideoViewController.h */,
				603A2D742A41771F0037049A /* RtcVideoViewController.m */,
				603A2D752A41771F0037049A /* RtcVideoViewController.xib */,
				603A2D222A4153370037049A /* Main.storyboard */,
				603A2D252A4153370037049A /* Assets.xcassets */,
				603A2D272A4153370037049A /* LaunchScreen.storyboard */,
				603A2D2A2A4153370037049A /* Info.plist */,
				603A2D2B2A4153370037049A /* main.m */,
			);
			path = "StreamingX_Objective-C";
			sourceTree = "<group>";
		};
		603A2D322A4153410037049A /* Classes */ = {
			isa = PBXGroup;
			children = (
				603A2D332A4153510037049A /* StreamingXRtcManager.h */,
				603A2D342A4153510037049A /* StreamingXRtcManager.m */,
				603A2D542A4175910037049A /* StreamingXModelHeader.h */,
				603A2D552A4175910037049A /* StreamingXEnumHeader.h */,
				603A2D562A4175910037049A /* StreamingXProtobufHeader.h */,
				603A2D592A4175910037049A /* StreamingXHttpManager.h */,
				603A2D582A4175910037049A /* StreamingXHttpManager.m */,
				603A2D5B2A4175910037049A /* StreamingXAgoraRtcEngineManager.h */,
				603A2D5C2A4175910037049A /* StreamingXAgoraRtcEngineManager.m */,
				603A2D522A4175910037049A /* StreamingXRtcTool.h */,
				603A2D512A4175910037049A /* StreamingXRtcTool.m */,
				603A2D372A4175910037049A /* StreamingXResponse_AnchorList.h */,
				603A2D4C2A4175910037049A /* StreamingXResponse_AnchorList.m */,
				603A2D382A4175910037049A /* StreamingXResponse_AnchorAvatarList.h */,
				603A2D4F2A4175910037049A /* StreamingXResponse_AnchorAvatarList.m */,
				603A2D4D2A4175910037049A /* StreamingXResponse_RefreshTokenResult.h */,
				603A2D4A2A4175910037049A /* StreamingXResponse_RefreshTokenResult.m */,
				603A2D4B2A4175910037049A /* StreamingXResponse_JoinChannelResult.h */,
				603A2D4E2A4175910037049A /* StreamingXResponse_JoinChannelResult.m */,
				603A2D3C2A4175910037049A /* Api.pbobjc.h */,
				603A2D432A4175910037049A /* Api.pbobjc.m */,
				603A2D442A4175910037049A /* Base.pbobjc.h */,
				603A2D3B2A4175910037049A /* Base.pbobjc.m */,
				603A2D3A2A4175910037049A /* Consts.pbobjc.h */,
				603A2D452A4175910037049A /* Consts.pbobjc.m */,
				603A2D402A4175910037049A /* Code.pbobjc.h */,
				603A2D482A4175910037049A /* Code.pbobjc.m */,
				603A2D3D2A4175910037049A /* ChannelBase.pbobjc.h */,
				603A2D422A4175910037049A /* ChannelBase.pbobjc.m */,
				603A2D3F2A4175910037049A /* ChannelImform.pbobjc.h */,
				603A2D492A4175910037049A /* ChannelImform.pbobjc.m */,
				603A2D472A4175910037049A /* ChannelIm.pbobjc.h */,
				603A2D412A4175910037049A /* ChannelIm.pbobjc.m */,
				603A2D3E2A4175910037049A /* HTTPError.pbobjc.h */,
				603A2D462A4175910037049A /* HTTPError.pbobjc.m */,
			);
			path = Classes;
			sourceTree = "<group>";
		};
/* End PBXGroup section */

/* Begin PBXNativeTarget section */
		603A2D152A4153370037049A /* StreamingX_Objective-C */ = {
			isa = PBXNativeTarget;
			buildConfigurationList = 603A2D2F2A4153370037049A /* Build configuration list for PBXNativeTarget "StreamingX_Objective-C" */;
			buildPhases = (
				0337139DA1921475F8ADE6E7 /* [CP] Check Pods Manifest.lock */,
				603A2D122A4153370037049A /* Sources */,
				603A2D132A4153370037049A /* Frameworks */,
				603A2D142A4153370037049A /* Resources */,
				B1055E893401EA97279713F7 /* [CP] Embed Pods Frameworks */,
			);
			buildRules = (
			);
			dependencies = (
			);
			name = "StreamingX_Objective-C";
			productName = "StreamingX_Objective-C";
			productReference = 603A2D162A4153370037049A /* StreamingX_Objective-C.app */;
			productType = "com.apple.product-type.application";
		};
/* End PBXNativeTarget section */

/* Begin PBXProject section */
		603A2D0E2A4153370037049A /* Project object */ = {
			isa = PBXProject;
			attributes = {
				BuildIndependentTargetsInParallel = 1;
				LastUpgradeCheck = 1330;
				TargetAttributes = {
					603A2D152A4153370037049A = {
						CreatedOnToolsVersion = 13.3.1;
					};
				};
			};
			buildConfigurationList = 603A2D112A4153370037049A /* Build configuration list for PBXProject "StreamingX_Objective-C" */;
			compatibilityVersion = "Xcode 13.0";
			developmentRegion = en;
			hasScannedForEncodings = 0;
			knownRegions = (
				en,
				Base,
			);
			mainGroup = 603A2D0D2A4153370037049A;
			productRefGroup = 603A2D172A4153370037049A /* Products */;
			projectDirPath = "";
			projectRoot = "";
			targets = (
				603A2D152A4153370037049A /* StreamingX_Objective-C */,
			);
		};
/* End PBXProject section */

/* Begin PBXResourcesBuildPhase section */
		603A2D142A4153370037049A /* Resources */ = {
			isa = PBXResourcesBuildPhase;
			buildActionMask = 2147483647;
			files = (
				603A2D7E2A41771F0037049A /* RtcVideoViewController.xib in Resources */,
				603A2D292A4153370037049A /* LaunchScreen.storyboard in Resources */,
				603A2D262A4153370037049A /* Assets.xcassets in Resources */,
				603A2D242A4153370037049A /* Main.storyboard in Resources */,
				603A2D7F2A41771F0037049A /* LookUpImagesViewController.xib in Resources */,
				603A2D7C2A41771F0037049A /* RtcVideoMsgTableViewCell.xib in Resources */,
				603A2D7A2A41771F0037049A /* AnchListTableViewCell.xib in Resources */,
			);
			runOnlyForDeploymentPostprocessing = 0;
		};
/* End PBXResourcesBuildPhase section */

/* Begin PBXShellScriptBuildPhase section */
		0337139DA1921475F8ADE6E7 /* [CP] Check Pods Manifest.lock */ = {
			isa = PBXShellScriptBuildPhase;
			buildActionMask = 2147483647;
			files = (
			);
			inputFileListPaths = (
			);
			inputPaths = (
				"${PODS_PODFILE_DIR_PATH}/Podfile.lock",
				"${PODS_ROOT}/Manifest.lock",
			);
			name = "[CP] Check Pods Manifest.lock";
			outputFileListPaths = (
			);
			outputPaths = (
				"$(DERIVED_FILE_DIR)/Pods-StreamingX_Objective-C-checkManifestLockResult.txt",
			);
			runOnlyForDeploymentPostprocessing = 0;
			shellPath = /bin/sh;
			shellScript = "diff \"${PODS_PODFILE_DIR_PATH}/Podfile.lock\" \"${PODS_ROOT}/Manifest.lock\" > /dev/null\nif [ $? != 0 ] ; then\n    # print error to STDERR\n    echo \"error: The sandbox is not in sync with the Podfile.lock. Run 'pod install' or update your CocoaPods installation.\" >&2\n    exit 1\nfi\n# This output is used by Xcode 'outputs' to avoid re-running this script phase.\necho \"SUCCESS\" > \"${SCRIPT_OUTPUT_FILE_0}\"\n";
			showEnvVarsInLog = 0;
		};
		B1055E893401EA97279713F7 /* [CP] Embed Pods Frameworks */ = {
			isa = PBXShellScriptBuildPhase;
			buildActionMask = 2147483647;
			files = (
			);
			inputFileListPaths = (
				"${PODS_ROOT}/Target Support Files/Pods-StreamingX_Objective-C/Pods-StreamingX_Objective-C-frameworks-${CONFIGURATION}-input-files.xcfilelist",
			);
			name = "[CP] Embed Pods Frameworks";
			outputFileListPaths = (
				"${PODS_ROOT}/Target Support Files/Pods-StreamingX_Objective-C/Pods-StreamingX_Objective-C-frameworks-${CONFIGURATION}-output-files.xcfilelist",
			);
			runOnlyForDeploymentPostprocessing = 0;
			shellPath = /bin/sh;
			shellScript = "\"${PODS_ROOT}/Target Support Files/Pods-StreamingX_Objective-C/Pods-StreamingX_Objective-C-frameworks.sh\"\n";
			showEnvVarsInLog = 0;
		};
/* End PBXShellScriptBuildPhase section */

/* Begin PBXSourcesBuildPhase section */
		603A2D122A4153370037049A /* Sources */ = {
			isa = PBXSourcesBuildPhase;
			buildActionMask = 2147483647;
			files = (
				603A2D782A41771F0037049A /* AnchListTableViewCell.m in Sources */,
				603A2D5E2A4175910037049A /* ChannelIm.pbobjc.m in Sources */,
				603A2D5F2A4175910037049A /* ChannelBase.pbobjc.m in Sources */,
				603A2D212A4153370037049A /* ViewController.m in Sources */,
				603A2D692A4175910037049A /* StreamingXRtcTool.m in Sources */,
				603A2D1B2A4153370037049A /* AppDelegate.m in Sources */,
				603A2D612A4175910037049A /* Consts.pbobjc.m in Sources */,
				603A2D6B2A4175910037049A /* StreamingXAgoraRtcEngineManager.m in Sources */,
				603A2D682A4175910037049A /* StreamingXResponse_AnchorAvatarList.m in Sources */,
				603A2D632A4175910037049A /* Code.pbobjc.m in Sources */,
				603A2D2C2A4153370037049A /* main.m in Sources */,
				603A2D622A4175910037049A /* HTTPError.pbobjc.m in Sources */,
				603A2D5D2A4175910037049A /* Base.pbobjc.m in Sources */,
				603A2D672A4175910037049A /* StreamingXResponse_JoinChannelResult.m in Sources */,
				603A2D7B2A41771F0037049A /* LookUpImagesViewController.m in Sources */,
				603A2D6A2A4175910037049A /* StreamingXHttpManager.m in Sources */,
				603A2D642A4175910037049A /* ChannelImform.pbobjc.m in Sources */,
				603A2D352A4153510037049A /* StreamingXRtcManager.m in Sources */,
				603A2D7D2A41771F0037049A /* RtcVideoViewController.m in Sources */,
				603A2D792A41771F0037049A /* RtcVideoMsgTableViewCell.m in Sources */,
				603A2D652A4175910037049A /* StreamingXResponse_RefreshTokenResult.m in Sources */,
				603A2D602A4175910037049A /* Api.pbobjc.m in Sources */,
				603A2D1E2A4153370037049A /* SceneDelegate.m in Sources */,
				603A2D662A4175910037049A /* StreamingXResponse_AnchorList.m in Sources */,
			);
			runOnlyForDeploymentPostprocessing = 0;
		};
/* End PBXSourcesBuildPhase section */

/* Begin PBXVariantGroup section */
		603A2D222A4153370037049A /* Main.storyboard */ = {
			isa = PBXVariantGroup;
			children = (
				603A2D232A4153370037049A /* Base */,
			);
			name = Main.storyboard;
			sourceTree = "<group>";
		};
		603A2D272A4153370037049A /* LaunchScreen.storyboard */ = {
			isa = PBXVariantGroup;
			children = (
				603A2D282A4153370037049A /* Base */,
			);
			name = LaunchScreen.storyboard;
			sourceTree = "<group>";
		};
/* End PBXVariantGroup section */

/* Begin XCBuildConfiguration section */
		603A2D2D2A4153370037049A /* Debug */ = {
			isa = XCBuildConfiguration;
			buildSettings = {
				ALWAYS_SEARCH_USER_PATHS = NO;
				CLANG_ANALYZER_NONNULL = YES;
				CLANG_ANALYZER_NUMBER_OBJECT_CONVERSION = YES_AGGRESSIVE;
				CLANG_CXX_LANGUAGE_STANDARD = "gnu++17";
				CLANG_ENABLE_MODULES = YES;
				CLANG_ENABLE_OBJC_ARC = YES;
				CLANG_ENABLE_OBJC_WEAK = YES;
				CLANG_WARN_BLOCK_CAPTURE_AUTORELEASING = YES;
				CLANG_WARN_BOOL_CONVERSION = YES;
				CLANG_WARN_COMMA = YES;
				CLANG_WARN_CONSTANT_CONVERSION = YES;
				CLANG_WARN_DEPRECATED_OBJC_IMPLEMENTATIONS = YES;
				CLANG_WARN_DIRECT_OBJC_ISA_USAGE = YES_ERROR;
				CLANG_WARN_DOCUMENTATION_COMMENTS = YES;
				CLANG_WARN_EMPTY_BODY = YES;
				CLANG_WARN_ENUM_CONVERSION = YES;
				CLANG_WARN_INFINITE_RECURSION = YES;
				CLANG_WARN_INT_CONVERSION = YES;
				CLANG_WARN_NON_LITERAL_NULL_CONVERSION = YES;
				CLANG_WARN_OBJC_IMPLICIT_RETAIN_SELF = YES;
				CLANG_WARN_OBJC_LITERAL_CONVERSION = YES;
				CLANG_WARN_OBJC_ROOT_CLASS = YES_ERROR;
				CLANG_WARN_QUOTED_INCLUDE_IN_FRAMEWORK_HEADER = YES;
				CLANG_WARN_RANGE_LOOP_ANALYSIS = YES;
				CLANG_WARN_STRICT_PROTOTYPES = YES;
				CLANG_WARN_SUSPICIOUS_MOVE = YES;
				CLANG_WARN_UNGUARDED_AVAILABILITY = YES_AGGRESSIVE;
				CLANG_WARN_UNREACHABLE_CODE = YES;
				CLANG_WARN__DUPLICATE_METHOD_MATCH = YES;
				COPY_PHASE_STRIP = NO;
				DEBUG_INFORMATION_FORMAT = dwarf;
				ENABLE_STRICT_OBJC_MSGSEND = YES;
				ENABLE_TESTABILITY = YES;
				GCC_C_LANGUAGE_STANDARD = gnu11;
				GCC_DYNAMIC_NO_PIC = NO;
				GCC_NO_COMMON_BLOCKS = YES;
				GCC_OPTIMIZATION_LEVEL = 0;
				GCC_PREPROCESSOR_DEFINITIONS = (
					"DEBUG=1",
					"$(inherited)",
				);
				GCC_WARN_64_TO_32_BIT_CONVERSION = YES;
				GCC_WARN_ABOUT_RETURN_TYPE = YES_ERROR;
				GCC_WARN_UNDECLARED_SELECTOR = YES;
				GCC_WARN_UNINITIALIZED_AUTOS = YES_AGGRESSIVE;
				GCC_WARN_UNUSED_FUNCTION = YES;
				GCC_WARN_UNUSED_VARIABLE = YES;
				IPHONEOS_DEPLOYMENT_TARGET = 12.0;
				MTL_ENABLE_DEBUG_INFO = INCLUDE_SOURCE;
				MTL_FAST_MATH = YES;
				ONLY_ACTIVE_ARCH = YES;
				SDKROOT = iphoneos;
			};
			name = Debug;
		};
		603A2D2E2A4153370037049A /* Release */ = {
			isa = XCBuildConfiguration;
			buildSettings = {
				ALWAYS_SEARCH_USER_PATHS = NO;
				CLANG_ANALYZER_NONNULL = YES;
				CLANG_ANALYZER_NUMBER_OBJECT_CONVERSION = YES_AGGRESSIVE;
				CLANG_CXX_LANGUAGE_STANDARD = "gnu++17";
				CLANG_ENABLE_MODULES = YES;
				CLANG_ENABLE_OBJC_ARC = YES;
				CLANG_ENABLE_OBJC_WEAK = YES;
				CLANG_WARN_BLOCK_CAPTURE_AUTORELEASING = YES;
				CLANG_WARN_BOOL_CONVERSION = YES;
				CLANG_WARN_COMMA = YES;
				CLANG_WARN_CONSTANT_CONVERSION = YES;
				CLANG_WARN_DEPRECATED_OBJC_IMPLEMENTATIONS = YES;
				CLANG_WARN_DIRECT_OBJC_ISA_USAGE = YES_ERROR;
				CLANG_WARN_DOCUMENTATION_COMMENTS = YES;
				CLANG_WARN_EMPTY_BODY = YES;
				CLANG_WARN_ENUM_CONVERSION = YES;
				CLANG_WARN_INFINITE_RECURSION = YES;
				CLANG_WARN_INT_CONVERSION = YES;
				CLANG_WARN_NON_LITERAL_NULL_CONVERSION = YES;
				CLANG_WARN_OBJC_IMPLICIT_RETAIN_SELF = YES;
				CLANG_WARN_OBJC_LITERAL_CONVERSION = YES;
				CLANG_WARN_OBJC_ROOT_CLASS = YES_ERROR;
				CLANG_WARN_QUOTED_INCLUDE_IN_FRAMEWORK_HEADER = YES;
				CLANG_WARN_RANGE_LOOP_ANALYSIS = YES;
				CLANG_WARN_STRICT_PROTOTYPES = YES;
				CLANG_WARN_SUSPICIOUS_MOVE = YES;
				CLANG_WARN_UNGUARDED_AVAILABILITY = YES_AGGRESSIVE;
				CLANG_WARN_UNREACHABLE_CODE = YES;
				CLANG_WARN__DUPLICATE_METHOD_MATCH = YES;
				COPY_PHASE_STRIP = NO;
				DEBUG_INFORMATION_FORMAT = "dwarf-with-dsym";
				ENABLE_NS_ASSERTIONS = NO;
				ENABLE_STRICT_OBJC_MSGSEND = YES;
				GCC_C_LANGUAGE_STANDARD = gnu11;
				GCC_NO_COMMON_BLOCKS = YES;
				GCC_WARN_64_TO_32_BIT_CONVERSION = YES;
				GCC_WARN_ABOUT_RETURN_TYPE = YES_ERROR;
				GCC_WARN_UNDECLARED_SELECTOR = YES;
				GCC_WARN_UNINITIALIZED_AUTOS = YES_AGGRESSIVE;
				GCC_WARN_UNUSED_FUNCTION = YES;
				GCC_WARN_UNUSED_VARIABLE = YES;
				IPHONEOS_DEPLOYMENT_TARGET = 12.0;
				MTL_ENABLE_DEBUG_INFO = NO;
				MTL_FAST_MATH = YES;
				SDKROOT = iphoneos;
				VALIDATE_PRODUCT = YES;
			};
			name = Release;
		};
		603A2D302A4153370037049A /* Debug */ = {
			isa = XCBuildConfiguration;
			baseConfigurationReference = D8D86155A060D806452328EA /* Pods-StreamingX_Objective-C.debug.xcconfig */;
			buildSettings = {
				ASSETCATALOG_COMPILER_APPICON_NAME = AppIcon;
				ASSETCATALOG_COMPILER_GLOBAL_ACCENT_COLOR_NAME = AccentColor;
				CODE_SIGN_STYLE = Automatic;
				CURRENT_PROJECT_VERSION = 1;
				DEVELOPMENT_TEAM = 66RXMF6R9Q;
				ENABLE_BITCODE = NO;
				GENERATE_INFOPLIST_FILE = YES;
				INFOPLIST_FILE = "StreamingX_Objective-C/Info.plist";
				INFOPLIST_KEY_UIApplicationSupportsIndirectInputEvents = YES;
				INFOPLIST_KEY_UILaunchStoryboardName = LaunchScreen;
				INFOPLIST_KEY_UIMainStoryboardFile = Main;
				INFOPLIST_KEY_UISupportedInterfaceOrientations_iPad = "UIInterfaceOrientationPortrait UIInterfaceOrientationPortraitUpsideDown UIInterfaceOrientationLandscapeLeft UIInterfaceOrientationLandscapeRight";
				INFOPLIST_KEY_UISupportedInterfaceOrientations_iPhone = "UIInterfaceOrientationPortrait UIInterfaceOrientationLandscapeLeft UIInterfaceOrientationLandscapeRight";
				IPHONEOS_DEPLOYMENT_TARGET = 12.0;
				LD_RUNPATH_SEARCH_PATHS = (
					"$(inherited)",
					"@executable_path/Frameworks",
				);
				MARKETING_VERSION = 1.0;
				PRODUCT_BUNDLE_IDENTIFIER = "com.StreamingX.ObjectC.StreamingX-Objective-C";
				PRODUCT_NAME = "$(TARGET_NAME)";
				SWIFT_EMIT_LOC_STRINGS = YES;
				TARGETED_DEVICE_FAMILY = "1,2";
			};
			name = Debug;
		};
		603A2D312A4153370037049A /* Release */ = {
			isa = XCBuildConfiguration;
			baseConfigurationReference = 79E552C1BFA40B2FBA3F5A41 /* Pods-StreamingX_Objective-C.release.xcconfig */;
			buildSettings = {
				ASSETCATALOG_COMPILER_APPICON_NAME = AppIcon;
				ASSETCATALOG_COMPILER_GLOBAL_ACCENT_COLOR_NAME = AccentColor;
				CODE_SIGN_STYLE = Automatic;
				CURRENT_PROJECT_VERSION = 1;
				DEVELOPMENT_TEAM = 66RXMF6R9Q;
				ENABLE_BITCODE = NO;
				GENERATE_INFOPLIST_FILE = YES;
				INFOPLIST_FILE = "StreamingX_Objective-C/Info.plist";
				INFOPLIST_KEY_UIApplicationSupportsIndirectInputEvents = YES;
				INFOPLIST_KEY_UILaunchStoryboardName = LaunchScreen;
				INFOPLIST_KEY_UIMainStoryboardFile = Main;
				INFOPLIST_KEY_UISupportedInterfaceOrientations_iPad = "UIInterfaceOrientationPortrait UIInterfaceOrientationPortraitUpsideDown UIInterfaceOrientationLandscapeLeft UIInterfaceOrientationLandscapeRight";
				INFOPLIST_KEY_UISupportedInterfaceOrientations_iPhone = "UIInterfaceOrientationPortrait UIInterfaceOrientationLandscapeLeft UIInterfaceOrientationLandscapeRight";
				IPHONEOS_DEPLOYMENT_TARGET = 12.0;
				LD_RUNPATH_SEARCH_PATHS = (
					"$(inherited)",
					"@executable_path/Frameworks",
				);
				MARKETING_VERSION = 1.0;
				PRODUCT_BUNDLE_IDENTIFIER = "com.StreamingX.ObjectC.StreamingX-Objective-C";
				PRODUCT_NAME = "$(TARGET_NAME)";
				SWIFT_EMIT_LOC_STRINGS = YES;
				TARGETED_DEVICE_FAMILY = "1,2";
			};
			name = Release;
		};
/* End XCBuildConfiguration section */

/* Begin XCConfigurationList section */
		603A2D112A4153370037049A /* Build configuration list for PBXProject "StreamingX_Objective-C" */ = {
			isa = XCConfigurationList;
			buildConfigurations = (
				603A2D2D2A4153370037049A /* Debug */,
				603A2D2E2A4153370037049A /* Release */,
			);
			defaultConfigurationIsVisible = 0;
			defaultConfigurationName = Release;
		};
		603A2D2F2A4153370037049A /* Build configuration list for PBXNativeTarget "StreamingX_Objective-C" */ = {
			isa = XCConfigurationList;
			buildConfigurations = (
				603A2D302A4153370037049A /* Debug */,
				603A2D312A4153370037049A /* Release */,
			);
			defaultConfigurationIsVisible = 0;
			defaultConfigurationName = Release;
		};
/* End XCConfigurationList section */
	};
	rootObject = 603A2D0E2A4153370037049A /* Project object */;
}
